
Microsoft Visual Studio Solution File, Format Version 12.00
# Visual Studio Version 16
VisualStudioVersion = 16.0.32228.343
MinimumVisualStudioVersion = 10.0.40219.1
Project("{FAE04EC0-301F-11D3-BF4B-00C04F79EFBC}") = "day9ValueandReferenceDemo", "day9ValueandReferenceDemo\day9ValueandReferenceDemo.csproj", "{9AD63C12-5288-4A14-AE9D-19F163FB6923}"
EndProject
Project("{FAE04EC0-301F-11D3-BF4B-00C04F79EFBC}") = "day9PolymorphisimVirtualMethodDemo", "day9PolymorphisimVirtualMethodDemo\day9PolymorphisimVirtualMethodDemo.csproj", "{1E0DA4F4-643E-405F-91D4-52740120E7CF}"
EndProject
Project("{FAE04EC0-301F-11D3-BF4B-00C04F79EFBC}") = "day9AbstractClassdemo", "day9AbstractClassdemo\day9AbstractClassdemo.csproj", "{6A3EB0CB-DF2F-4258-9C2A-B3A0F8B84E6F}"
EndProject
Global
	GlobalSection(SolutionConfigurationPlatforms) = preSolution
		Debug|Any CPU = Debug|Any CPU
		Release|Any CPU = Release|Any CPU
	EndGlobalSection
	GlobalSection(ProjectConfigurationPlatforms) = postSolution
		{9AD63C12-5288-4A14-AE9D-19F163FB6923}.Debug|Any CPU.ActiveCfg = Debug|Any CPU
		{9AD63C12-5288-4A14-AE9D-19F163FB6923}.Debug|Any CPU.Build.0 = Debug|Any CPU
		{9AD63C12-5288-4A14-AE9D-19F163FB6923}.Release|Any CPU.ActiveCfg = Release|Any CPU
		{9AD63C12-5288-4A14-AE9D-19F163FB6923}.Release|Any CPU.Build.0 = Release|Any CPU
		{1E0DA4F4-643E-405F-91D4-52740120E7CF}.Debug|Any CPU.ActiveCfg = Debug|Any CPU
		{1E0DA4F4-643E-405F-91D4-52740120E7CF}.Debug|Any CPU.Build.0 = Debug|Any CPU
		{1E0DA4F4-643E-405F-91D4-52740120E7CF}.Release|Any CPU.ActiveCfg = Release|Any CPU
		{1E0DA4F4-643E-405F-91D4-52740120E7CF}.Release|Any CPU.Build.0 = Release|Any CPU
		{6A3EB0CB-DF2F-4258-9C2A-B3A0F8B84E6F}.Debug|Any CPU.ActiveCfg = Debug|Any CPU
		{6A3EB0CB-DF2F-4258-9C2A-B3A0F8B84E6F}.Debug|Any CPU.Build.0 = Debug|Any CPU
		{6A3EB0CB-DF2F-4258-9C2A-B3A0F8B84E6F}.Release|Any CPU.ActiveCfg = Release|Any CPU
		{6A3EB0CB-DF2F-4258-9C2A-B3A0F8B84E6F}.Release|Any CPU.Build.0 = Release|Any CPU
	EndGlobalSection
	GlobalSection(SolutionProperties) = preSolution
		HideSolutionNode = FALSE
	EndGlobalSection
	GlobalSection(ExtensibilityGlobals) = postSolution
		SolutionGuid = {183B456D-6963-46FF-A62D-B7184111FF0F}
	EndGlobalSection
EndGlobal
